
Microsoft Visual Studio Solution File, Format Version 12.00
# Visual Studio Version 17
VisualStudioVersion = 17.9.34723.18
MinimumVisualStudioVersion = 10.0.40219.1
Project("{9A19103F-16F7-4668-BE54-9A1E7A4F7556}") = "ZKLDotNetCore.ConsoleApp", "ZKLDotNetCore.ConsoleApp\ZKLDotNetCore.ConsoleApp.csproj", "{CECF5ADB-ED01-4710-9215-190A66EED800}"
EndProject
Project("{2150E333-8FDC-42A3-9474-1A3956D46DE8}") = "Documents", "Documents", "{E4D93B46-4B2E-4D2F-845E-680DD10708F2}"
	ProjectSection(SolutionItems) = preProject
		ZKLDotNetCore.sql = ZKLDotNetCore.sql
	EndProjectSection
EndProject
Project("{9A19103F-16F7-4668-BE54-9A1E7A4F7556}") = "ZKLDotNetCore.RestApi", "ZKLDotNetCore.RestApi\ZKLDotNetCore.RestApi.csproj", "{40EBC89B-3C59-45C8-99EA-5756054A8DE4}"
EndProject
Project("{FAE04EC0-301F-11D3-BF4B-00C04F79EFBC}") = "ZKLDotNetCore.Shared", "ZKLDotNetCore.Shared\ZKLDotNetCore.Shared.csproj", "{D94161F1-6063-407D-9636-373F488AAE9C}"
EndProject
Global
	GlobalSection(SolutionConfigurationPlatforms) = preSolution
		Debug|Any CPU = Debug|Any CPU
		Release|Any CPU = Release|Any CPU
	EndGlobalSection
	GlobalSection(ProjectConfigurationPlatforms) = postSolution
		{CECF5ADB-ED01-4710-9215-190A66EED800}.Debug|Any CPU.ActiveCfg = Debug|Any CPU
		{CECF5ADB-ED01-4710-9215-190A66EED800}.Debug|Any CPU.Build.0 = Debug|Any CPU
		{CECF5ADB-ED01-4710-9215-190A66EED800}.Release|Any CPU.ActiveCfg = Release|Any CPU
		{CECF5ADB-ED01-4710-9215-190A66EED800}.Release|Any CPU.Build.0 = Release|Any CPU
		{40EBC89B-3C59-45C8-99EA-5756054A8DE4}.Debug|Any CPU.ActiveCfg = Debug|Any CPU
		{40EBC89B-3C59-45C8-99EA-5756054A8DE4}.Debug|Any CPU.Build.0 = Debug|Any CPU
		{40EBC89B-3C59-45C8-99EA-5756054A8DE4}.Release|Any CPU.ActiveCfg = Release|Any CPU
		{40EBC89B-3C59-45C8-99EA-5756054A8DE4}.Release|Any CPU.Build.0 = Release|Any CPU
		{D94161F1-6063-407D-9636-373F488AAE9C}.Debug|Any CPU.ActiveCfg = Debug|Any CPU
		{D94161F1-6063-407D-9636-373F488AAE9C}.Debug|Any CPU.Build.0 = Debug|Any CPU
		{D94161F1-6063-407D-9636-373F488AAE9C}.Release|Any CPU.ActiveCfg = Release|Any CPU
		{D94161F1-6063-407D-9636-373F488AAE9C}.Release|Any CPU.Build.0 = Release|Any CPU
	EndGlobalSection
	GlobalSection(SolutionProperties) = preSolution
		HideSolutionNode = FALSE
	EndGlobalSection
	GlobalSection(ExtensibilityGlobals) = postSolution
		SolutionGuid = {334BE6BB-B414-4154-9F96-AC6B8BCF4802}
	EndGlobalSection
EndGlobal
